
Microsoft Visual Studio Solution File, Format Version 12.00
# Visual Studio 14
VisualStudioVersion = 14.0.25123.0
MinimumVisualStudioVersion = 10.0.40219.1
Project("{FAE04EC0-301F-11D3-BF4B-00C04F79EFBC}") = "KongOrange.Squares.WebInterface", "KongOrange.Squares.WebInterface\KongOrange.Squares.WebInterface.csproj", "{99AF4086-37A1-4070-BAC4-A30469559153}"
EndProject
Project("{FAE04EC0-301F-11D3-BF4B-00C04F79EFBC}") = "KongOrange.Squares.DomainClasses", "KongOrange.Squares.DomainClasses\KongOrange.Squares.DomainClasses.csproj", "{62103D38-F322-40C4-B9F2-FA0473FC0D4D}"
EndProject
Project("{FAE04EC0-301F-11D3-BF4B-00C04F79EFBC}") = "KongOrange.Squares.DataAccess", "KongOrange.Squares.DataAccess\KongOrange.Squares.DataAccess.csproj", "{8E0137D8-CD34-40AF-BEA1-7FA5D3A35B79}"
EndProject
Project("{FAE04EC0-301F-11D3-BF4B-00C04F79EFBC}") = "KongOrange.Squares.Business", "KongOrange.Squares.Business\KongOrange.Squares.Business.csproj", "{D92BF4D2-12FF-4D77-A9E7-4C425F81568E}"
EndProject
Global
	GlobalSection(SolutionConfigurationPlatforms) = preSolution
		Debug|Any CPU = Debug|Any CPU
		Release|Any CPU = Release|Any CPU
	EndGlobalSection
	GlobalSection(ProjectConfigurationPlatforms) = postSolution
		{99AF4086-37A1-4070-BAC4-A30469559153}.Debug|Any CPU.ActiveCfg = Debug|Any CPU
		{99AF4086-37A1-4070-BAC4-A30469559153}.Debug|Any CPU.Build.0 = Debug|Any CPU
		{99AF4086-37A1-4070-BAC4-A30469559153}.Release|Any CPU.ActiveCfg = Release|Any CPU
		{99AF4086-37A1-4070-BAC4-A30469559153}.Release|Any CPU.Build.0 = Release|Any CPU
		{62103D38-F322-40C4-B9F2-FA0473FC0D4D}.Debug|Any CPU.ActiveCfg = Debug|Any CPU
		{62103D38-F322-40C4-B9F2-FA0473FC0D4D}.Debug|Any CPU.Build.0 = Debug|Any CPU
		{62103D38-F322-40C4-B9F2-FA0473FC0D4D}.Release|Any CPU.ActiveCfg = Release|Any CPU
		{62103D38-F322-40C4-B9F2-FA0473FC0D4D}.Release|Any CPU.Build.0 = Release|Any CPU
		{8E0137D8-CD34-40AF-BEA1-7FA5D3A35B79}.Debug|Any CPU.ActiveCfg = Debug|Any CPU
		{8E0137D8-CD34-40AF-BEA1-7FA5D3A35B79}.Debug|Any CPU.Build.0 = Debug|Any CPU
		{8E0137D8-CD34-40AF-BEA1-7FA5D3A35B79}.Release|Any CPU.ActiveCfg = Release|Any CPU
		{8E0137D8-CD34-40AF-BEA1-7FA5D3A35B79}.Release|Any CPU.Build.0 = Release|Any CPU
		{D92BF4D2-12FF-4D77-A9E7-4C425F81568E}.Debug|Any CPU.ActiveCfg = Debug|Any CPU
		{D92BF4D2-12FF-4D77-A9E7-4C425F81568E}.Debug|Any CPU.Build.0 = Debug|Any CPU
		{D92BF4D2-12FF-4D77-A9E7-4C425F81568E}.Release|Any CPU.ActiveCfg = Release|Any CPU
		{D92BF4D2-12FF-4D77-A9E7-4C425F81568E}.Release|Any CPU.Build.0 = Release|Any CPU
	EndGlobalSection
	GlobalSection(SolutionProperties) = preSolution
		HideSolutionNode = FALSE
	EndGlobalSection
EndGlobal
